
Microsoft Visual Studio Solution File, Format Version 12.00
# Visual Studio Version 17
VisualStudioVersion = 17.8.34330.188
MinimumVisualStudioVersion = 10.0.40219.1
Project("{FAE04EC0-301F-11D3-BF4B-00C04F79EFBC}") = "FibonacciCalculationApi", "FibonacciCalculationApi\FibonacciCalculationApi.csproj", "{8026082E-5621-4792-96CA-7154E8D9BB7B}"
EndProject
Global
	GlobalSection(SolutionConfigurationPlatforms) = preSolution
		Debug|Any CPU = Debug|Any CPU
		Release|Any CPU = Release|Any CPU
	EndGlobalSection
	GlobalSection(ProjectConfigurationPlatforms) = postSolution
		{8026082E-5621-4792-96CA-7154E8D9BB7B}.Debug|Any CPU.ActiveCfg = Debug|Any CPU
		{8026082E-5621-4792-96CA-7154E8D9BB7B}.Debug|Any CPU.Build.0 = Debug|Any CPU
		{8026082E-5621-4792-96CA-7154E8D9BB7B}.Release|Any CPU.ActiveCfg = Release|Any CPU
		{8026082E-5621-4792-96CA-7154E8D9BB7B}.Release|Any CPU.Build.0 = Release|Any CPU
	EndGlobalSection
	GlobalSection(SolutionProperties) = preSolution
		HideSolutionNode = FALSE
	EndGlobalSection
	GlobalSection(ExtensibilityGlobals) = postSolution
		SolutionGuid = {6A54F3DC-F2E7-4E05-92B2-7A06B6B675ED}
	EndGlobalSection
EndGlobal
